
Microsoft Visual Studio Solution File, Format Version 12.00
# Visual Studio Version 17
VisualStudioVersion = 17.5.002.0
MinimumVisualStudioVersion = 10.0.40219.1
Project("{2150E333-8FDC-42A3-9474-1A3956D46DE8}") = "src", "src", "{F8F664A6-159B-41F6-BB2A-E7DD49CCF8B8}"
EndProject
Project("{9A19103F-16F7-4668-BE54-9A1E7A4F7556}") = "Api", "src\Api\Api.csproj", "{372868A2-2C06-48B1-AA5E-EA28FE7D42FD}"
EndProject
Project("{9A19103F-16F7-4668-BE54-9A1E7A4F7556}") = "Application", "src\Application\Application.csproj", "{2C938A6E-A412-4D71-81EF-4ACAA3C4AE94}"
EndProject
Project("{9A19103F-16F7-4668-BE54-9A1E7A4F7556}") = "Infrastructure", "src\Infrastructure\Infrastructure.csproj", "{BA5D031E-3815-4451-B181-A46EFFA239B1}"
EndProject
Project("{9A19103F-16F7-4668-BE54-9A1E7A4F7556}") = "Domain", "src\Domain\Domain.csproj", "{9204ED85-1D84-4383-9B75-95269106E154}"
EndProject
Global
	GlobalSection(SolutionConfigurationPlatforms) = preSolution
		Debug|Any CPU = Debug|Any CPU
		Release|Any CPU = Release|Any CPU
	EndGlobalSection
	GlobalSection(ProjectConfigurationPlatforms) = postSolution
		{372868A2-2C06-48B1-AA5E-EA28FE7D42FD}.Debug|Any CPU.ActiveCfg = Debug|Any CPU
		{372868A2-2C06-48B1-AA5E-EA28FE7D42FD}.Debug|Any CPU.Build.0 = Debug|Any CPU
		{372868A2-2C06-48B1-AA5E-EA28FE7D42FD}.Release|Any CPU.ActiveCfg = Release|Any CPU
		{372868A2-2C06-48B1-AA5E-EA28FE7D42FD}.Release|Any CPU.Build.0 = Release|Any CPU
		{2C938A6E-A412-4D71-81EF-4ACAA3C4AE94}.Debug|Any CPU.ActiveCfg = Debug|Any CPU
		{2C938A6E-A412-4D71-81EF-4ACAA3C4AE94}.Debug|Any CPU.Build.0 = Debug|Any CPU
		{2C938A6E-A412-4D71-81EF-4ACAA3C4AE94}.Release|Any CPU.ActiveCfg = Release|Any CPU
		{2C938A6E-A412-4D71-81EF-4ACAA3C4AE94}.Release|Any CPU.Build.0 = Release|Any CPU
		{BA5D031E-3815-4451-B181-A46EFFA239B1}.Debug|Any CPU.ActiveCfg = Debug|Any CPU
		{BA5D031E-3815-4451-B181-A46EFFA239B1}.Debug|Any CPU.Build.0 = Debug|Any CPU
		{BA5D031E-3815-4451-B181-A46EFFA239B1}.Release|Any CPU.ActiveCfg = Release|Any CPU
		{BA5D031E-3815-4451-B181-A46EFFA239B1}.Release|Any CPU.Build.0 = Release|Any CPU
		{9204ED85-1D84-4383-9B75-95269106E154}.Debug|Any CPU.ActiveCfg = Debug|Any CPU
		{9204ED85-1D84-4383-9B75-95269106E154}.Debug|Any CPU.Build.0 = Debug|Any CPU
		{9204ED85-1D84-4383-9B75-95269106E154}.Release|Any CPU.ActiveCfg = Release|Any CPU
		{9204ED85-1D84-4383-9B75-95269106E154}.Release|Any CPU.Build.0 = Release|Any CPU
	EndGlobalSection
	GlobalSection(SolutionProperties) = preSolution
		HideSolutionNode = FALSE
	EndGlobalSection
	GlobalSection(NestedProjects) = preSolution
		{372868A2-2C06-48B1-AA5E-EA28FE7D42FD} = {F8F664A6-159B-41F6-BB2A-E7DD49CCF8B8}
		{2C938A6E-A412-4D71-81EF-4ACAA3C4AE94} = {F8F664A6-159B-41F6-BB2A-E7DD49CCF8B8}
		{BA5D031E-3815-4451-B181-A46EFFA239B1} = {F8F664A6-159B-41F6-BB2A-E7DD49CCF8B8}
		{9204ED85-1D84-4383-9B75-95269106E154} = {F8F664A6-159B-41F6-BB2A-E7DD49CCF8B8}
	EndGlobalSection
	GlobalSection(ExtensibilityGlobals) = postSolution
		SolutionGuid = {DB40A2A9-7305-48FD-AC74-D07301AE11D5}
	EndGlobalSection
EndGlobal
